
Microsoft Visual Studio Solution File, Format Version 12.00
# Visual Studio Version 17
VisualStudioVersion = 17.9.34622.214
MinimumVisualStudioVersion = 10.0.40219.1
Project("{FAE04EC0-301F-11D3-BF4B-00C04F79EFBC}") = "New_Test", "New_Test\New_Test.csproj", "{21B0039D-399C-4157-BD57-DA448A284F34}"
EndProject
Global
	GlobalSection(SolutionConfigurationPlatforms) = preSolution
		Debug|Any CPU = Debug|Any CPU
		Release|Any CPU = Release|Any CPU
	EndGlobalSection
	GlobalSection(ProjectConfigurationPlatforms) = postSolution
		{21B0039D-399C-4157-BD57-DA448A284F34}.Debug|Any CPU.ActiveCfg = Debug|Any CPU
		{21B0039D-399C-4157-BD57-DA448A284F34}.Debug|Any CPU.Build.0 = Debug|Any CPU
		{21B0039D-399C-4157-BD57-DA448A284F34}.Release|Any CPU.ActiveCfg = Release|Any CPU
		{21B0039D-399C-4157-BD57-DA448A284F34}.Release|Any CPU.Build.0 = Release|Any CPU
	EndGlobalSection
	GlobalSection(SolutionProperties) = preSolution
		HideSolutionNode = FALSE
	EndGlobalSection
	GlobalSection(ExtensibilityGlobals) = postSolution
		SolutionGuid = {9D979E0C-7297-469F-B42C-9CFF7D2A2F6D}
	EndGlobalSection
EndGlobal
